
Microsoft Visual Studio Solution File, Format Version 12.00
# Visual Studio Version 17
VisualStudioVersion = 17.3.32929.385
MinimumVisualStudioVersion = 10.0.40219.1
Project("{FAE04EC0-301F-11D3-BF4B-00C04F79EFBC}") = "lab5ProgTech", "lab5ProgTech\lab5ProgTech.csproj", "{8B4EE263-E176-4028-88B4-96479E223E81}"
EndProject
Global
	GlobalSection(SolutionConfigurationPlatforms) = preSolution
		Debug|Any CPU = Debug|Any CPU
		Release|Any CPU = Release|Any CPU
	EndGlobalSection
	GlobalSection(ProjectConfigurationPlatforms) = postSolution
		{8B4EE263-E176-4028-88B4-96479E223E81}.Debug|Any CPU.ActiveCfg = Debug|Any CPU
		{8B4EE263-E176-4028-88B4-96479E223E81}.Debug|Any CPU.Build.0 = Debug|Any CPU
		{8B4EE263-E176-4028-88B4-96479E223E81}.Release|Any CPU.ActiveCfg = Release|Any CPU
		{8B4EE263-E176-4028-88B4-96479E223E81}.Release|Any CPU.Build.0 = Release|Any CPU
	EndGlobalSection
	GlobalSection(SolutionProperties) = preSolution
		HideSolutionNode = FALSE
	EndGlobalSection
	GlobalSection(ExtensibilityGlobals) = postSolution
		SolutionGuid = {27908319-771F-45EF-9867-CB5AD27F0C9E}
	EndGlobalSection
EndGlobal
